
Microsoft Visual Studio Solution File, Format Version 12.00
# Visual Studio 15
VisualStudioVersion = 15.0.34930.48
MinimumVisualStudioVersion = 10.0.40219.1
Project("{2150E333-8FDC-42A3-9474-1A3956D46DE8}") = "Solution Items", "Solution Items", "{C0F5F4B4-A4DE-4377-98FD-552B0C923578}"
	ProjectSection(SolutionItems) = preProject
		intro.html = intro.html
		lists.html = lists.html
		style.css = style.css
	EndProjectSection
EndProject
Global
	GlobalSection(SolutionProperties) = preSolution
		HideSolutionNode = FALSE
	EndGlobalSection
	GlobalSection(ExtensibilityGlobals) = postSolution
		SolutionGuid = {9E1A83F2-F01E-4DBB-8A30-FADF6776793A}
	EndGlobalSection
EndGlobal
