
Microsoft Visual Studio Solution File, Format Version 12.00
# Visual Studio 15
VisualStudioVersion = 15.0.34930.48
MinimumVisualStudioVersion = 10.0.40219.1
Project("{2150E333-8FDC-42A3-9474-1A3956D46DE8}") = "Solution Items", "Solution Items", "{370174B5-8E3D-4462-B78F-701711275AC6}"
	ProjectSection(SolutionItems) = preProject
		calc.css = calc.css
		calc.html = calc.html
	EndProjectSection
EndProject
Global
	GlobalSection(SolutionProperties) = preSolution
		HideSolutionNode = FALSE
	EndGlobalSection
	GlobalSection(ExtensibilityGlobals) = postSolution
		SolutionGuid = {8E0B2A77-83E7-4B45-ACCE-7481C7363FD4}
	EndGlobalSection
EndGlobal
