
Microsoft Visual Studio Solution File, Format Version 12.00
# Visual Studio 15
VisualStudioVersion = 15.0.34930.48
MinimumVisualStudioVersion = 10.0.40219.1
Project("{2150E333-8FDC-42A3-9474-1A3956D46DE8}") = "Solution Items", "Solution Items", "{ABC89427-EAE7-4B8F-B5F4-642DFEB9664E}"
	ProjectSection(SolutionItems) = preProject
		animations.css = animations.css
		animations.html = animations.html
		index.html = index.html
		style.css = style.css
	EndProjectSection
EndProject
Global
	GlobalSection(SolutionProperties) = preSolution
		HideSolutionNode = FALSE
	EndGlobalSection
	GlobalSection(ExtensibilityGlobals) = postSolution
		SolutionGuid = {1E6CDD44-0E8C-4B14-80B5-430A99858E69}
	EndGlobalSection
EndGlobal
